// !$*UTF8*$!
{
	archiveVersion = 1;
	classes = {
	};
	objectVersion = 55;
	objects = {

/* Begin PBXBuildFile section */
		A6097FF42829881100BAF6D9 /* SDWebImageSwiftUI in Frameworks */ = {isa = PBXBuildFile; productRef = A6097FF32829881100BAF6D9 /* SDWebImageSwiftUI */; };
		A6097FF7282A254600BAF6D9 /* ChatUser.swift in Sources */ = {isa = PBXBuildFile; fileRef = A6097FF6282A254600BAF6D9 /* ChatUser.swift */; };
		A6097FFA282ACFD200BAF6D9 /* CreateNewMessageView.swift in Sources */ = {isa = PBXBuildFile; fileRef = A6097FF9282ACFD200BAF6D9 /* CreateNewMessageView.swift */; };
		A6097FFD282B726500BAF6D9 /* ChatLogView.swift in Sources */ = {isa = PBXBuildFile; fileRef = A6097FFC282B726500BAF6D9 /* ChatLogView.swift */; };
		A6B07E612828CA12005BC115 /* FirebaseManager.swift in Sources */ = {isa = PBXBuildFile; fileRef = A6B07E602828CA12005BC115 /* FirebaseManager.swift */; };
		A6D4C1BD2827FF50008AF78B /* ImagePicker.swift in Sources */ = {isa = PBXBuildFile; fileRef = A6D4C1BC2827FF50008AF78B /* ImagePicker.swift */; };
		A6D4C1C728281646008AF78B /* FirebaseAuth in Frameworks */ = {isa = PBXBuildFile; productRef = A6D4C1C628281646008AF78B /* FirebaseAuth */; };
		A6D4C1C928281646008AF78B /* FirebaseFirestore in Frameworks */ = {isa = PBXBuildFile; productRef = A6D4C1C828281646008AF78B /* FirebaseFirestore */; };
		A6D4C1CB28281646008AF78B /* FirebaseStorage in Frameworks */ = {isa = PBXBuildFile; productRef = A6D4C1CA28281646008AF78B /* FirebaseStorage */; };
		A6D4C1CE28281F23008AF78B /* MainMessagesView.swift in Sources */ = {isa = PBXBuildFile; fileRef = A6D4C1CD28281F23008AF78B /* MainMessagesView.swift */; };
		A6E320CC2827E22900F39D03 /* firebasechatApp.swift in Sources */ = {isa = PBXBuildFile; fileRef = A6E320CB2827E22900F39D03 /* firebasechatApp.swift */; };
		A6E320CE2827E22900F39D03 /* LoginView.swift in Sources */ = {isa = PBXBuildFile; fileRef = A6E320CD2827E22900F39D03 /* LoginView.swift */; };
		A6E320D02827E22C00F39D03 /* Assets.xcassets in Resources */ = {isa = PBXBuildFile; fileRef = A6E320CF2827E22C00F39D03 /* Assets.xcassets */; };
		A6E320D32827E22C00F39D03 /* Preview Assets.xcassets in Resources */ = {isa = PBXBuildFile; fileRef = A6E320D22827E22C00F39D03 /* Preview Assets.xcassets */; };
		A6E320E62827EE1200F39D03 /* README.txt in Resources */ = {isa = PBXBuildFile; fileRef = A6E320E52827EE1200F39D03 /* README.txt */; };
		A6E320EA2827F0D400F39D03 /* GoogleService-Info.plist in Resources */ = {isa = PBXBuildFile; fileRef = A6E320E92827F0D400F39D03 /* GoogleService-Info.plist */; };
/* End PBXBuildFile section */

/* Begin PBXFileReference section */
		A6097FF6282A254600BAF6D9 /* ChatUser.swift */ = {isa = PBXFileReference; lastKnownFileType = sourcecode.swift; path = ChatUser.swift; sourceTree = "<group>"; };
		A6097FF9282ACFD200BAF6D9 /* CreateNewMessageView.swift */ = {isa = PBXFileReference; lastKnownFileType = sourcecode.swift; path = CreateNewMessageView.swift; sourceTree = "<group>"; };
		A6097FFC282B726500BAF6D9 /* ChatLogView.swift */ = {isa = PBXFileReference; lastKnownFileType = sourcecode.swift; path = ChatLogView.swift; sourceTree = "<group>"; };
		A6B07E602828CA12005BC115 /* FirebaseManager.swift */ = {isa = PBXFileReference; lastKnownFileType = sourcecode.swift; path = FirebaseManager.swift; sourceTree = "<group>"; };
		A6D4C1BC2827FF50008AF78B /* ImagePicker.swift */ = {isa = PBXFileReference; lastKnownFileType = sourcecode.swift; path = ImagePicker.swift; sourceTree = "<group>"; };
		A6D4C1CD28281F23008AF78B /* MainMessagesView.swift */ = {isa = PBXFileReference; lastKnownFileType = sourcecode.swift; path = MainMessagesView.swift; sourceTree = "<group>"; };
		A6E320C82827E22900F39D03 /* firebasechat.app */ = {isa = PBXFileReference; explicitFileType = wrapper.application; includeInIndex = 0; path = firebasechat.app; sourceTree = BUILT_PRODUCTS_DIR; };
		A6E320CB2827E22900F39D03 /* firebasechatApp.swift */ = {isa = PBXFileReference; lastKnownFileType = sourcecode.swift; path = firebasechatApp.swift; sourceTree = "<group>"; };
		A6E320CD2827E22900F39D03 /* LoginView.swift */ = {isa = PBXFileReference; lastKnownFileType = sourcecode.swift; path = LoginView.swift; sourceTree = "<group>"; };
		A6E320CF2827E22C00F39D03 /* Assets.xcassets */ = {isa = PBXFileReference; lastKnownFileType = folder.assetcatalog; path = Assets.xcassets; sourceTree = "<group>"; };
		A6E320D22827E22C00F39D03 /* Preview Assets.xcassets */ = {isa = PBXFileReference; lastKnownFileType = folder.assetcatalog; path = "Preview Assets.xcassets"; sourceTree = "<group>"; };
		A6E320E52827EE1200F39D03 /* README.txt */ = {isa = PBXFileReference; lastKnownFileType = text; path = README.txt; sourceTree = "<group>"; };
		A6E320E92827F0D400F39D03 /* GoogleService-Info.plist */ = {isa = PBXFileReference; fileEncoding = 4; lastKnownFileType = text.plist.xml; path = "GoogleService-Info.plist"; sourceTree = "<group>"; };
/* End PBXFileReference section */

/* Begin PBXFrameworksBuildPhase section */
		A6E320C52827E22900F39D03 /* Frameworks */ = {
			isa = PBXFrameworksBuildPhase;
			buildActionMask = 2147483647;
			files = (
				A6097FF42829881100BAF6D9 /* SDWebImageSwiftUI in Frameworks */,
				A6D4C1C728281646008AF78B /* FirebaseAuth in Frameworks */,
				A6D4C1C928281646008AF78B /* FirebaseFirestore in Frameworks */,
				A6D4C1CB28281646008AF78B /* FirebaseStorage in Frameworks */,
			);
			runOnlyForDeploymentPostprocessing = 0;
		};
/* End PBXFrameworksBuildPhase section */

/* Begin PBXGroup section */
		A6097FF5282A253700BAF6D9 /* Model */ = {
			isa = PBXGroup;
			children = (
				A6097FF6282A254600BAF6D9 /* ChatUser.swift */,
			);
			path = Model;
			sourceTree = "<group>";
		};
		A6097FF8282ACFBB00BAF6D9 /* NewMessage */ = {
			isa = PBXGroup;
			children = (
				A6097FF9282ACFD200BAF6D9 /* CreateNewMessageView.swift */,
			);
			path = NewMessage;
			sourceTree = "<group>";
		};
		A6097FFB282B725B00BAF6D9 /* Chat */ = {
			isa = PBXGroup;
			children = (
				A6097FFC282B726500BAF6D9 /* ChatLogView.swift */,
			);
			path = Chat;
			sourceTree = "<group>";
		};
		A6B07E5F2828C9FB005BC115 /* Utilis */ = {
			isa = PBXGroup;
			children = (
				A6B07E602828CA12005BC115 /* FirebaseManager.swift */,
			);
			path = Utilis;
			sourceTree = "<group>";
		};
		A6D4C1CC28281F08008AF78B /* MainMessages */ = {
			isa = PBXGroup;
			children = (
				A6097FFB282B725B00BAF6D9 /* Chat */,
				A6097FF8282ACFBB00BAF6D9 /* NewMessage */,
				A6D4C1CD28281F23008AF78B /* MainMessagesView.swift */,
			);
			path = MainMessages;
			sourceTree = "<group>";
		};
		A6E320BF2827E22900F39D03 = {
			isa = PBXGroup;
			children = (
				A6E320E52827EE1200F39D03 /* README.txt */,
				A6E320CA2827E22900F39D03 /* firebasechat */,
				A6E320C92827E22900F39D03 /* Products */,
			);
			sourceTree = "<group>";
		};
		A6E320C92827E22900F39D03 /* Products */ = {
			isa = PBXGroup;
			children = (
				A6E320C82827E22900F39D03 /* firebasechat.app */,
			);
			name = Products;
			sourceTree = "<group>";
		};
		A6E320CA2827E22900F39D03 /* firebasechat */ = {
			isa = PBXGroup;
			children = (
				A6097FF5282A253700BAF6D9 /* Model */,
				A6B07E5F2828C9FB005BC115 /* Utilis */,
				A6D4C1CC28281F08008AF78B /* MainMessages */,
				A6E320CB2827E22900F39D03 /* firebasechatApp.swift */,
				A6E320E92827F0D400F39D03 /* GoogleService-Info.plist */,
				A6E320CD2827E22900F39D03 /* LoginView.swift */,
				A6D4C1BC2827FF50008AF78B /* ImagePicker.swift */,
				A6E320CF2827E22C00F39D03 /* Assets.xcassets */,
				A6E320D12827E22C00F39D03 /* Preview Content */,
			);
			path = firebasechat;
			sourceTree = "<group>";
		};
		A6E320D12827E22C00F39D03 /* Preview Content */ = {
			isa = PBXGroup;
			children = (
				A6E320D22827E22C00F39D03 /* Preview Assets.xcassets */,
			);
			path = "Preview Content";
			sourceTree = "<group>";
		};
/* End PBXGroup section */

/* Begin PBXNativeTarget section */
		A6E320C72827E22900F39D03 /* firebasechat */ = {
			isa = PBXNativeTarget;
			buildConfigurationList = A6E320D62827E22C00F39D03 /* Build configuration list for PBXNativeTarget "firebasechat" */;
			buildPhases = (
				A6E320C42827E22900F39D03 /* Sources */,
				A6E320C52827E22900F39D03 /* Frameworks */,
				A6E320C62827E22900F39D03 /* Resources */,
			);
			buildRules = (
			);
			dependencies = (
			);
			name = firebasechat;
			packageProductDependencies = (
				A6D4C1C628281646008AF78B /* FirebaseAuth */,
				A6D4C1C828281646008AF78B /* FirebaseFirestore */,
				A6D4C1CA28281646008AF78B /* FirebaseStorage */,
				A6097FF32829881100BAF6D9 /* SDWebImageSwiftUI */,
			);
			productName = firebasechat;
			productReference = A6E320C82827E22900F39D03 /* firebasechat.app */;
			productType = "com.apple.product-type.application";
		};
/* End PBXNativeTarget section */

/* Begin PBXProject section */
		A6E320C02827E22900F39D03 /* Project object */ = {
			isa = PBXProject;
			attributes = {
				BuildIndependentTargetsInParallel = 1;
				LastSwiftUpdateCheck = 1330;
				LastUpgradeCheck = 1330;
				TargetAttributes = {
					A6E320C72827E22900F39D03 = {
						CreatedOnToolsVersion = 13.3.1;
					};
				};
			};
			buildConfigurationList = A6E320C32827E22900F39D03 /* Build configuration list for PBXProject "firebasechat" */;
			compatibilityVersion = "Xcode 13.0";
			developmentRegion = en;
			hasScannedForEncodings = 0;
			knownRegions = (
				en,
				Base,
			);
			mainGroup = A6E320BF2827E22900F39D03;
			packageReferences = (
				A6D4C1C528281646008AF78B /* XCRemoteSwiftPackageReference "firebase-ios-sdk" */,
				A6097FF22829881100BAF6D9 /* XCRemoteSwiftPackageReference "SDWebImageSwiftUI" */,
			);
			productRefGroup = A6E320C92827E22900F39D03 /* Products */;
			projectDirPath = "";
			projectRoot = "";
			targets = (
				A6E320C72827E22900F39D03 /* firebasechat */,
			);
		};
/* End PBXProject section */

/* Begin PBXResourcesBuildPhase section */
		A6E320C62827E22900F39D03 /* Resources */ = {
			isa = PBXResourcesBuildPhase;
			buildActionMask = 2147483647;
			files = (
				A6E320EA2827F0D400F39D03 /* GoogleService-Info.plist in Resources */,
				A6E320E62827EE1200F39D03 /* README.txt in Resources */,
				A6E320D32827E22C00F39D03 /* Preview Assets.xcassets in Resources */,
				A6E320D02827E22C00F39D03 /* Assets.xcassets in Resources */,
			);
			runOnlyForDeploymentPostprocessing = 0;
		};
/* End PBXResourcesBuildPhase section */

/* Begin PBXSourcesBuildPhase section */
		A6E320C42827E22900F39D03 /* Sources */ = {
			isa = PBXSourcesBuildPhase;
			buildActionMask = 2147483647;
			files = (
				A6097FF7282A254600BAF6D9 /* ChatUser.swift in Sources */,
				A6097FFD282B726500BAF6D9 /* ChatLogView.swift in Sources */,
				A6D4C1BD2827FF50008AF78B /* ImagePicker.swift in Sources */,
				A6D4C1CE28281F23008AF78B /* MainMessagesView.swift in Sources */,
				A6B07E612828CA12005BC115 /* FirebaseManager.swift in Sources */,
				A6097FFA282ACFD200BAF6D9 /* CreateNewMessageView.swift in Sources */,
				A6E320CE2827E22900F39D03 /* LoginView.swift in Sources */,
				A6E320CC2827E22900F39D03 /* firebasechatApp.swift in Sources */,
			);
			runOnlyForDeploymentPostprocessing = 0;
		};
/* End PBXSourcesBuildPhase section */

/* Begin XCBuildConfiguration section */
		A6E320D42827E22C00F39D03 /* Debug */ = {
			isa = XCBuildConfiguration;
			buildSettings = {
				ALWAYS_SEARCH_USER_PATHS = NO;
				CLANG_ANALYZER_NONNULL = YES;
				CLANG_ANALYZER_NUMBER_OBJECT_CONVERSION = YES_AGGRESSIVE;
				CLANG_CXX_LANGUAGE_STANDARD = "gnu++17";
				CLANG_ENABLE_MODULES = YES;
				CLANG_ENABLE_OBJC_ARC = YES;
				CLANG_ENABLE_OBJC_WEAK = YES;
				CLANG_WARN_BLOCK_CAPTURE_AUTORELEASING = YES;
				CLANG_WARN_BOOL_CONVERSION = YES;
				CLANG_WARN_COMMA = YES;
				CLANG_WARN_CONSTANT_CONVERSION = YES;
				CLANG_WARN_DEPRECATED_OBJC_IMPLEMENTATIONS = YES;
				CLANG_WARN_DIRECT_OBJC_ISA_USAGE = YES_ERROR;
				CLANG_WARN_DOCUMENTATION_COMMENTS = YES;
				CLANG_WARN_EMPTY_BODY = YES;
				CLANG_WARN_ENUM_CONVERSION = YES;
				CLANG_WARN_INFINITE_RECURSION = YES;
				CLANG_WARN_INT_CONVERSION = YES;
				CLANG_WARN_NON_LITERAL_NULL_CONVERSION = YES;
				CLANG_WARN_OBJC_IMPLICIT_RETAIN_SELF = YES;
				CLANG_WARN_OBJC_LITERAL_CONVERSION = YES;
				CLANG_WARN_OBJC_ROOT_CLASS = YES_ERROR;
				CLANG_WARN_QUOTED_INCLUDE_IN_FRAMEWORK_HEADER = YES;
				CLANG_WARN_RANGE_LOOP_ANALYSIS = YES;
				CLANG_WARN_STRICT_PROTOTYPES = YES;
				CLANG_WARN_SUSPICIOUS_MOVE = YES;
				CLANG_WARN_UNGUARDED_AVAILABILITY = YES_AGGRESSIVE;
				CLANG_WARN_UNREACHABLE_CODE = YES;
				CLANG_WARN__DUPLICATE_METHOD_MATCH = YES;
				COPY_PHASE_STRIP = NO;
				DEBUG_INFORMATION_FORMAT = dwarf;
				ENABLE_STRICT_OBJC_MSGSEND = YES;
				ENABLE_TESTABILITY = YES;
				GCC_C_LANGUAGE_STANDARD = gnu11;
				GCC_DYNAMIC_NO_PIC = NO;
				GCC_NO_COMMON_BLOCKS = YES;
				GCC_OPTIMIZATION_LEVEL = 0;
				GCC_PREPROCESSOR_DEFINITIONS = (
					"DEBUG=1",
					"$(inherited)",
				);
				GCC_WARN_64_TO_32_BIT_CONVERSION = YES;
				GCC_WARN_ABOUT_RETURN_TYPE = YES_ERROR;
				GCC_WARN_UNDECLARED_SELECTOR = YES;
				GCC_WARN_UNINITIALIZED_AUTOS = YES_AGGRESSIVE;
				GCC_WARN_UNUSED_FUNCTION = YES;
				GCC_WARN_UNUSED_VARIABLE = YES;
				IPHONEOS_DEPLOYMENT_TARGET = 15.4;
				MTL_ENABLE_DEBUG_INFO = INCLUDE_SOURCE;
				MTL_FAST_MATH = YES;
				ONLY_ACTIVE_ARCH = YES;
				SDKROOT = iphoneos;
				SWIFT_ACTIVE_COMPILATION_CONDITIONS = DEBUG;
				SWIFT_OPTIMIZATION_LEVEL = "-Onone";
			};
			name = Debug;
		};
		A6E320D52827E22C00F39D03 /* Release */ = {
			isa = XCBuildConfiguration;
			buildSettings = {
				ALWAYS_SEARCH_USER_PATHS = NO;
				CLANG_ANALYZER_NONNULL = YES;
				CLANG_ANALYZER_NUMBER_OBJECT_CONVERSION = YES_AGGRESSIVE;
				CLANG_CXX_LANGUAGE_STANDARD = "gnu++17";
				CLANG_ENABLE_MODULES = YES;
				CLANG_ENABLE_OBJC_ARC = YES;
				CLANG_ENABLE_OBJC_WEAK = YES;
				CLANG_WARN_BLOCK_CAPTURE_AUTORELEASING = YES;
				CLANG_WARN_BOOL_CONVERSION = YES;
				CLANG_WARN_COMMA = YES;
				CLANG_WARN_CONSTANT_CONVERSION = YES;
				CLANG_WARN_DEPRECATED_OBJC_IMPLEMENTATIONS = YES;
				CLANG_WARN_DIRECT_OBJC_ISA_USAGE = YES_ERROR;
				CLANG_WARN_DOCUMENTATION_COMMENTS = YES;
				CLANG_WARN_EMPTY_BODY = YES;
				CLANG_WARN_ENUM_CONVERSION = YES;
				CLANG_WARN_INFINITE_RECURSION = YES;
				CLANG_WARN_INT_CONVERSION = YES;
				CLANG_WARN_NON_LITERAL_NULL_CONVERSION = YES;
				CLANG_WARN_OBJC_IMPLICIT_RETAIN_SELF = YES;
				CLANG_WARN_OBJC_LITERAL_CONVERSION = YES;
				CLANG_WARN_OBJC_ROOT_CLASS = YES_ERROR;
				CLANG_WARN_QUOTED_INCLUDE_IN_FRAMEWORK_HEADER = YES;
				CLANG_WARN_RANGE_LOOP_ANALYSIS = YES;
				CLANG_WARN_STRICT_PROTOTYPES = YES;
				CLANG_WARN_SUSPICIOUS_MOVE = YES;
				CLANG_WARN_UNGUARDED_AVAILABILITY = YES_AGGRESSIVE;
				CLANG_WARN_UNREACHABLE_CODE = YES;
				CLANG_WARN__DUPLICATE_METHOD_MATCH = YES;
				COPY_PHASE_STRIP = NO;
				DEBUG_INFORMATION_FORMAT = "dwarf-with-dsym";
				ENABLE_NS_ASSERTIONS = NO;
				ENABLE_STRICT_OBJC_MSGSEND = YES;
				GCC_C_LANGUAGE_STANDARD = gnu11;
				GCC_NO_COMMON_BLOCKS = YES;
				GCC_WARN_64_TO_32_BIT_CONVERSION = YES;
				GCC_WARN_ABOUT_RETURN_TYPE = YES_ERROR;
				GCC_WARN_UNDECLARED_SELECTOR = YES;
				GCC_WARN_UNINITIALIZED_AUTOS = YES_AGGRESSIVE;
				GCC_WARN_UNUSED_FUNCTION = YES;
				GCC_WARN_UNUSED_VARIABLE = YES;
				IPHONEOS_DEPLOYMENT_TARGET = 15.4;
				MTL_ENABLE_DEBUG_INFO = NO;
				MTL_FAST_MATH = YES;
				SDKROOT = iphoneos;
				SWIFT_COMPILATION_MODE = wholemodule;
				SWIFT_OPTIMIZATION_LEVEL = "-O";
				VALIDATE_PRODUCT = YES;
			};
			name = Release;
		};
		A6E320D72827E22C00F39D03 /* Debug */ = {
			isa = XCBuildConfiguration;
			buildSettings = {
				ASSETCATALOG_COMPILER_APPICON_NAME = AppIcon;
				ASSETCATALOG_COMPILER_GLOBAL_ACCENT_COLOR_NAME = AccentColor;
				CODE_SIGN_STYLE = Automatic;
				CURRENT_PROJECT_VERSION = 1;
				DEVELOPMENT_ASSET_PATHS = "\"firebasechat/Preview Content\"";
				ENABLE_PREVIEWS = YES;
				GENERATE_INFOPLIST_FILE = YES;
				INFOPLIST_KEY_UIApplicationSceneManifest_Generation = YES;
				INFOPLIST_KEY_UIApplicationSupportsIndirectInputEvents = YES;
				INFOPLIST_KEY_UILaunchScreen_Generation = YES;
				INFOPLIST_KEY_UISupportedInterfaceOrientations_iPad = "UIInterfaceOrientationPortrait UIInterfaceOrientationPortraitUpsideDown UIInterfaceOrientationLandscapeLeft UIInterfaceOrientationLandscapeRight";
				INFOPLIST_KEY_UISupportedInterfaceOrientations_iPhone = "UIInterfaceOrientationPortrait UIInterfaceOrientationLandscapeLeft UIInterfaceOrientationLandscapeRight";
				LD_RUNPATH_SEARCH_PATHS = (
					"$(inherited)",
					"@executable_path/Frameworks",
				);
				MARKETING_VERSION = 1.0;
				PRODUCT_BUNDLE_IDENTIFIER = com.jun.chatDemo;
				PRODUCT_NAME = "$(TARGET_NAME)";
				SWIFT_EMIT_LOC_STRINGS = YES;
				SWIFT_VERSION = 5.0;
				TARGETED_DEVICE_FAMILY = "1,2";
			};
			name = Debug;
		};
		A6E320D82827E22C00F39D03 /* Release */ = {
			isa = XCBuildConfiguration;
			buildSettings = {
				ASSETCATALOG_COMPILER_APPICON_NAME = AppIcon;
				ASSETCATALOG_COMPILER_GLOBAL_ACCENT_COLOR_NAME = AccentColor;
				CODE_SIGN_STYLE = Automatic;
				CURRENT_PROJECT_VERSION = 1;
				DEVELOPMENT_ASSET_PATHS = "\"firebasechat/Preview Content\"";
				ENABLE_PREVIEWS = YES;
				GENERATE_INFOPLIST_FILE = YES;
				INFOPLIST_KEY_UIApplicationSceneManifest_Generation = YES;
				INFOPLIST_KEY_UIApplicationSupportsIndirectInputEvents = YES;
				INFOPLIST_KEY_UILaunchScreen_Generation = YES;
				INFOPLIST_KEY_UISupportedInterfaceOrientations_iPad = "UIInterfaceOrientationPortrait UIInterfaceOrientationPortraitUpsideDown UIInterfaceOrientationLandscapeLeft UIInterfaceOrientationLandscapeRight";
				INFOPLIST_KEY_UISupportedInterfaceOrientations_iPhone = "UIInterfaceOrientationPortrait UIInterfaceOrientationLandscapeLeft UIInterfaceOrientationLandscapeRight";
				LD_RUNPATH_SEARCH_PATHS = (
					"$(inherited)",
					"@executable_path/Frameworks",
				);
				MARKETING_VERSION = 1.0;
				PRODUCT_BUNDLE_IDENTIFIER = com.jun.chatDemo;
				PRODUCT_NAME = "$(TARGET_NAME)";
				SWIFT_EMIT_LOC_STRINGS = YES;
				SWIFT_VERSION = 5.0;
				TARGETED_DEVICE_FAMILY = "1,2";
			};
			name = Release;
		};
/* End XCBuildConfiguration section */

/* Begin XCConfigurationList section */
		A6E320C32827E22900F39D03 /* Build configuration list for PBXProject "firebasechat" */ = {
			isa = XCConfigurationList;
			buildConfigurations = (
				A6E320D42827E22C00F39D03 /* Debug */,
				A6E320D52827E22C00F39D03 /* Release */,
			);
			defaultConfigurationIsVisible = 0;
			defaultConfigurationName = Release;
		};
		A6E320D62827E22C00F39D03 /* Build configuration list for PBXNativeTarget "firebasechat" */ = {
			isa = XCConfigurationList;
			buildConfigurations = (
				A6E320D72827E22C00F39D03 /* Debug */,
				A6E320D82827E22C00F39D03 /* Release */,
			);
			defaultConfigurationIsVisible = 0;
			defaultConfigurationName = Release;
		};
/* End XCConfigurationList section */

/* Begin XCRemoteSwiftPackageReference section */
		A6097FF22829881100BAF6D9 /* XCRemoteSwiftPackageReference "SDWebImageSwiftUI" */ = {
			isa = XCRemoteSwiftPackageReference;
			repositoryURL = "https://github.com/SDWebImage/SDWebImageSwiftUI.git";
			requirement = {
				kind = upToNextMajorVersion;
				minimumVersion = 2.0.0;
			};
		};
		A6D4C1C528281646008AF78B /* XCRemoteSwiftPackageReference "firebase-ios-sdk" */ = {
			isa = XCRemoteSwiftPackageReference;
			repositoryURL = "https://github.com/firebase/firebase-ios-sdk";
			requirement = {
				kind = upToNextMajorVersion;
				minimumVersion = 8.0.0;
			};
		};
/* End XCRemoteSwiftPackageReference section */

/* Begin XCSwiftPackageProductDependency section */
		A6097FF32829881100BAF6D9 /* SDWebImageSwiftUI */ = {
			isa = XCSwiftPackageProductDependency;
			package = A6097FF22829881100BAF6D9 /* XCRemoteSwiftPackageReference "SDWebImageSwiftUI" */;
			productName = SDWebImageSwiftUI;
		};
		A6D4C1C628281646008AF78B /* FirebaseAuth */ = {
			isa = XCSwiftPackageProductDependency;
			package = A6D4C1C528281646008AF78B /* XCRemoteSwiftPackageReference "firebase-ios-sdk" */;
			productName = FirebaseAuth;
		};
		A6D4C1C828281646008AF78B /* FirebaseFirestore */ = {
			isa = XCSwiftPackageProductDependency;
			package = A6D4C1C528281646008AF78B /* XCRemoteSwiftPackageReference "firebase-ios-sdk" */;
			productName = FirebaseFirestore;
		};
		A6D4C1CA28281646008AF78B /* FirebaseStorage */ = {
			isa = XCSwiftPackageProductDependency;
			package = A6D4C1C528281646008AF78B /* XCRemoteSwiftPackageReference "firebase-ios-sdk" */;
			productName = FirebaseStorage;
		};
/* End XCSwiftPackageProductDependency section */
	};
	rootObject = A6E320C02827E22900F39D03 /* Project object */;
}
